
Microsoft Visual Studio Solution File, Format Version 12.00
Project("{2150E333-8FDC-42A3-9474-1A3956D46DE8}") = "src", "src", "{DF023151-67E9-47FD-A800-FA8280E0CF80}"
EndProject
Project("{2150E333-8FDC-42A3-9474-1A3956D46DE8}") = "deploy", "deploy", "{CBD3279F-F25F-4ACE-B1F0-900BE9659865}"
EndProject
Project("{FAE04EC0-301F-11D3-BF4B-00C04F79EFBC}") = "Lambda1", "src\Lambda1\Lambda1.csproj", "{0B361414-2D54-4B52-A035-D8F584D095A2}"
EndProject
Project("{FAE04EC0-301F-11D3-BF4B-00C04F79EFBC}") = "Lambda2", "src\Lambda2\Lambda2.csproj", "{D9683AAA-98C0-4034-A4F9-B8616692CD51}"
EndProject
Project("{FAE04EC0-301F-11D3-BF4B-00C04F79EFBC}") = "Deploy", "deploy\Deploy.csproj", "{3C02BAF1-0685-42D7-9916-B69DC11FFFD5}"
EndProject
Global
	GlobalSection(SolutionConfigurationPlatforms) = preSolution
		Debug|Any CPU = Debug|Any CPU
		Release|Any CPU = Release|Any CPU
	EndGlobalSection
	GlobalSection(NestedProjects) = preSolution
		{0B361414-2D54-4B52-A035-D8F584D095A2} = {DF023151-67E9-47FD-A800-FA8280E0CF80}
		{D9683AAA-98C0-4034-A4F9-B8616692CD51} = {DF023151-67E9-47FD-A800-FA8280E0CF80}
		{3C02BAF1-0685-42D7-9916-B69DC11FFFD5} = {CBD3279F-F25F-4ACE-B1F0-900BE9659865}
	EndGlobalSection
	GlobalSection(ProjectConfigurationPlatforms) = postSolution
		{0B361414-2D54-4B52-A035-D8F584D095A2}.Debug|Any CPU.ActiveCfg = Debug|Any CPU
		{0B361414-2D54-4B52-A035-D8F584D095A2}.Debug|Any CPU.Build.0 = Debug|Any CPU
		{0B361414-2D54-4B52-A035-D8F584D095A2}.Release|Any CPU.ActiveCfg = Release|Any CPU
		{0B361414-2D54-4B52-A035-D8F584D095A2}.Release|Any CPU.Build.0 = Release|Any CPU
		{D9683AAA-98C0-4034-A4F9-B8616692CD51}.Debug|Any CPU.ActiveCfg = Debug|Any CPU
		{D9683AAA-98C0-4034-A4F9-B8616692CD51}.Debug|Any CPU.Build.0 = Debug|Any CPU
		{D9683AAA-98C0-4034-A4F9-B8616692CD51}.Release|Any CPU.ActiveCfg = Release|Any CPU
		{D9683AAA-98C0-4034-A4F9-B8616692CD51}.Release|Any CPU.Build.0 = Release|Any CPU
		{3C02BAF1-0685-42D7-9916-B69DC11FFFD5}.Debug|Any CPU.ActiveCfg = Debug|Any CPU
		{3C02BAF1-0685-42D7-9916-B69DC11FFFD5}.Debug|Any CPU.Build.0 = Debug|Any CPU
		{3C02BAF1-0685-42D7-9916-B69DC11FFFD5}.Release|Any CPU.ActiveCfg = Release|Any CPU
		{3C02BAF1-0685-42D7-9916-B69DC11FFFD5}.Release|Any CPU.Build.0 = Release|Any CPU
	EndGlobalSection
EndGlobal
